
Microsoft Visual Studio Solution File, Format Version 12.00
# Visual Studio Version 17
VisualStudioVersion = 17.5.33414.496
MinimumVisualStudioVersion = 10.0.40219.1
Project("{9A19103F-16F7-4668-BE54-9A1E7A4F7556}") = "CantinaIBJ.WebApi", "ProjetoCantinaIBJ\CantinaIBJ.WebApi.csproj", "{8B746F9F-433E-494D-98C8-679C8CBAD6C8}"
EndProject
Project("{FAE04EC0-301F-11D3-BF4B-00C04F79EFBC}") = "CantinaIBJ.Data", "CantinaIBJ.Data\CantinaIBJ.Data.csproj", "{577DD55A-7682-4CED-8FBE-B3C2FA0045D7}"
EndProject
Global
	GlobalSection(SolutionConfigurationPlatforms) = preSolution
		Debug|Any CPU = Debug|Any CPU
		Release|Any CPU = Release|Any CPU
	EndGlobalSection
	GlobalSection(ProjectConfigurationPlatforms) = postSolution
		{8B746F9F-433E-494D-98C8-679C8CBAD6C8}.Debug|Any CPU.ActiveCfg = Debug|Any CPU
		{8B746F9F-433E-494D-98C8-679C8CBAD6C8}.Debug|Any CPU.Build.0 = Debug|Any CPU
		{8B746F9F-433E-494D-98C8-679C8CBAD6C8}.Release|Any CPU.ActiveCfg = Release|Any CPU
		{8B746F9F-433E-494D-98C8-679C8CBAD6C8}.Release|Any CPU.Build.0 = Release|Any CPU
		{577DD55A-7682-4CED-8FBE-B3C2FA0045D7}.Debug|Any CPU.ActiveCfg = Debug|Any CPU
		{577DD55A-7682-4CED-8FBE-B3C2FA0045D7}.Debug|Any CPU.Build.0 = Debug|Any CPU
		{577DD55A-7682-4CED-8FBE-B3C2FA0045D7}.Release|Any CPU.ActiveCfg = Release|Any CPU
		{577DD55A-7682-4CED-8FBE-B3C2FA0045D7}.Release|Any CPU.Build.0 = Release|Any CPU
	EndGlobalSection
	GlobalSection(SolutionProperties) = preSolution
		HideSolutionNode = FALSE
	EndGlobalSection
	GlobalSection(ExtensibilityGlobals) = postSolution
		SolutionGuid = {14DED68D-8611-48FD-8D3E-61F766B50447}
	EndGlobalSection
EndGlobal
